// !$*UTF8*$!
{
	archiveVersion = 1;
	classes = {
	};
	objectVersion = 56;
	objects = {

/* Begin PBXBuildFile section */
		0964C39D299AF51C003639D8 /* AppDelegate.swift in Sources */ = {isa = PBXBuildFile; fileRef = 0964C39C299AF51C003639D8 /* AppDelegate.swift */; };
		0964C39F299AF51C003639D8 /* SceneDelegate.swift in Sources */ = {isa = PBXBuildFile; fileRef = 0964C39E299AF51C003639D8 /* SceneDelegate.swift */; };
		0964C3A1299AF51C003639D8 /* RM_TabBarController.swift in Sources */ = {isa = PBXBuildFile; fileRef = 0964C3A0299AF51C003639D8 /* RM_TabBarController.swift */; };
		0964C3A6299AF51C003639D8 /* Assets.xcassets in Resources */ = {isa = PBXBuildFile; fileRef = 0964C3A5299AF51C003639D8 /* Assets.xcassets */; };
		0964C3A9299AF51C003639D8 /* LaunchScreen.storyboard in Resources */ = {isa = PBXBuildFile; fileRef = 0964C3A7299AF51C003639D8 /* LaunchScreen.storyboard */; };
		0964C3D4299AF72B003639D8 /* RM_Characters.swift in Sources */ = {isa = PBXBuildFile; fileRef = 0964C3D3299AF72B003639D8 /* RM_Characters.swift */; };
		0964C3D6299AF734003639D8 /* RM_Episodes.swift in Sources */ = {isa = PBXBuildFile; fileRef = 0964C3D5299AF734003639D8 /* RM_Episodes.swift */; };
		0964C3D8299AF743003639D8 /* RM_Location.swift in Sources */ = {isa = PBXBuildFile; fileRef = 0964C3D7299AF743003639D8 /* RM_Location.swift */; };
		0964C3DB299AF7D1003639D8 /* RM_CharacterViewController.swift in Sources */ = {isa = PBXBuildFile; fileRef = 0964C3DA299AF7D1003639D8 /* RM_CharacterViewController.swift */; };
		0964C3DD299AF7DF003639D8 /* RM_LocationViewController.swift in Sources */ = {isa = PBXBuildFile; fileRef = 0964C3DC299AF7DF003639D8 /* RM_LocationViewController.swift */; };
		0964C3DF299AF7ED003639D8 /* RM_EpisodesViewController.swift in Sources */ = {isa = PBXBuildFile; fileRef = 0964C3DE299AF7ED003639D8 /* RM_EpisodesViewController.swift */; };
		0964C3E2299AF816003639D8 /* RM_SettingsViewController.swift in Sources */ = {isa = PBXBuildFile; fileRef = 0964C3E1299AF816003639D8 /* RM_SettingsViewController.swift */; };
		0964C3E4299B1C20003639D8 /* RM_Service.swift in Sources */ = {isa = PBXBuildFile; fileRef = 0964C3E3299B1C20003639D8 /* RM_Service.swift */; };
		0964C3E6299B1C31003639D8 /* RM_Request.swift in Sources */ = {isa = PBXBuildFile; fileRef = 0964C3E5299B1C31003639D8 /* RM_Request.swift */; };
		0964C3E8299B1CF6003639D8 /* RM_EndPoint.swift in Sources */ = {isa = PBXBuildFile; fileRef = 0964C3E7299B1CF6003639D8 /* RM_EndPoint.swift */; };
/* End PBXBuildFile section */

/* Begin PBXContainerItemProxy section */
		0964C3B0299AF51D003639D8 /* PBXContainerItemProxy */ = {
			isa = PBXContainerItemProxy;
			containerPortal = 0964C391299AF51C003639D8 /* Project object */;
			proxyType = 1;
			remoteGlobalIDString = 0964C398299AF51C003639D8;
			remoteInfo = RickAndMorty;
		};
		0964C3BA299AF51D003639D8 /* PBXContainerItemProxy */ = {
			isa = PBXContainerItemProxy;
			containerPortal = 0964C391299AF51C003639D8 /* Project object */;
			proxyType = 1;
			remoteGlobalIDString = 0964C398299AF51C003639D8;
			remoteInfo = RickAndMorty;
		};
/* End PBXContainerItemProxy section */

/* Begin PBXFileReference section */
		0964C399299AF51C003639D8 /* RickAndMorty.app */ = {isa = PBXFileReference; explicitFileType = wrapper.application; includeInIndex = 0; path = RickAndMorty.app; sourceTree = BUILT_PRODUCTS_DIR; };
		0964C39C299AF51C003639D8 /* AppDelegate.swift */ = {isa = PBXFileReference; lastKnownFileType = sourcecode.swift; path = AppDelegate.swift; sourceTree = "<group>"; };
		0964C39E299AF51C003639D8 /* SceneDelegate.swift */ = {isa = PBXFileReference; lastKnownFileType = sourcecode.swift; path = SceneDelegate.swift; sourceTree = "<group>"; };
		0964C3A0299AF51C003639D8 /* RM_TabBarController.swift */ = {isa = PBXFileReference; lastKnownFileType = sourcecode.swift; path = RM_TabBarController.swift; sourceTree = "<group>"; };
		0964C3A5299AF51C003639D8 /* Assets.xcassets */ = {isa = PBXFileReference; lastKnownFileType = folder.assetcatalog; path = Assets.xcassets; sourceTree = "<group>"; };
		0964C3A8299AF51C003639D8 /* Base */ = {isa = PBXFileReference; lastKnownFileType = file.storyboard; name = Base; path = Base.lproj/LaunchScreen.storyboard; sourceTree = "<group>"; };
		0964C3AA299AF51C003639D8 /* Info.plist */ = {isa = PBXFileReference; lastKnownFileType = text.plist.xml; path = Info.plist; sourceTree = "<group>"; };
		0964C3AF299AF51D003639D8 /* RickAndMortyTests.xctest */ = {isa = PBXFileReference; explicitFileType = wrapper.cfbundle; includeInIndex = 0; path = RickAndMortyTests.xctest; sourceTree = BUILT_PRODUCTS_DIR; };
		0964C3B9299AF51D003639D8 /* RickAndMortyUITests.xctest */ = {isa = PBXFileReference; explicitFileType = wrapper.cfbundle; includeInIndex = 0; path = RickAndMortyUITests.xctest; sourceTree = BUILT_PRODUCTS_DIR; };
		0964C3D3299AF72B003639D8 /* RM_Characters.swift */ = {isa = PBXFileReference; lastKnownFileType = sourcecode.swift; path = RM_Characters.swift; sourceTree = "<group>"; };
		0964C3D5299AF734003639D8 /* RM_Episodes.swift */ = {isa = PBXFileReference; lastKnownFileType = sourcecode.swift; path = RM_Episodes.swift; sourceTree = "<group>"; };
		0964C3D7299AF743003639D8 /* RM_Location.swift */ = {isa = PBXFileReference; lastKnownFileType = sourcecode.swift; path = RM_Location.swift; sourceTree = "<group>"; };
		0964C3DA299AF7D1003639D8 /* RM_CharacterViewController.swift */ = {isa = PBXFileReference; lastKnownFileType = sourcecode.swift; path = RM_CharacterViewController.swift; sourceTree = "<group>"; };
		0964C3DC299AF7DF003639D8 /* RM_LocationViewController.swift */ = {isa = PBXFileReference; lastKnownFileType = sourcecode.swift; path = RM_LocationViewController.swift; sourceTree = "<group>"; };
		0964C3DE299AF7ED003639D8 /* RM_EpisodesViewController.swift */ = {isa = PBXFileReference; lastKnownFileType = sourcecode.swift; path = RM_EpisodesViewController.swift; sourceTree = "<group>"; };
		0964C3E1299AF816003639D8 /* RM_SettingsViewController.swift */ = {isa = PBXFileReference; lastKnownFileType = sourcecode.swift; path = RM_SettingsViewController.swift; sourceTree = "<group>"; };
		0964C3E3299B1C20003639D8 /* RM_Service.swift */ = {isa = PBXFileReference; lastKnownFileType = sourcecode.swift; path = RM_Service.swift; sourceTree = "<group>"; };
		0964C3E5299B1C31003639D8 /* RM_Request.swift */ = {isa = PBXFileReference; lastKnownFileType = sourcecode.swift; path = RM_Request.swift; sourceTree = "<group>"; };
		0964C3E7299B1CF6003639D8 /* RM_EndPoint.swift */ = {isa = PBXFileReference; lastKnownFileType = sourcecode.swift; path = RM_EndPoint.swift; sourceTree = "<group>"; };
/* End PBXFileReference section */

/* Begin PBXFrameworksBuildPhase section */
		0964C396299AF51C003639D8 /* Frameworks */ = {
			isa = PBXFrameworksBuildPhase;
			buildActionMask = 2147483647;
			files = (
			);
			runOnlyForDeploymentPostprocessing = 0;
		};
		0964C3AC299AF51D003639D8 /* Frameworks */ = {
			isa = PBXFrameworksBuildPhase;
			buildActionMask = 2147483647;
			files = (
			);
			runOnlyForDeploymentPostprocessing = 0;
		};
		0964C3B6299AF51D003639D8 /* Frameworks */ = {
			isa = PBXFrameworksBuildPhase;
			buildActionMask = 2147483647;
			files = (
			);
			runOnlyForDeploymentPostprocessing = 0;
		};
/* End PBXFrameworksBuildPhase section */

/* Begin PBXGroup section */
		0964C390299AF51C003639D8 = {
			isa = PBXGroup;
			children = (
				0964C39B299AF51C003639D8 /* RickAndMorty */,
				0964C39A299AF51C003639D8 /* Products */,
			);
			sourceTree = "<group>";
		};
		0964C39A299AF51C003639D8 /* Products */ = {
			isa = PBXGroup;
			children = (
				0964C399299AF51C003639D8 /* RickAndMorty.app */,
				0964C3AF299AF51D003639D8 /* RickAndMortyTests.xctest */,
				0964C3B9299AF51D003639D8 /* RickAndMortyUITests.xctest */,
			);
			name = Products;
			sourceTree = "<group>";
		};
		0964C39B299AF51C003639D8 /* RickAndMorty */ = {
			isa = PBXGroup;
			children = (
				0964C3D2299AF6AC003639D8 /* Resources */,
				0964C3D1299AF6A0003639D8 /* Managers */,
				0964C3D0299AF691003639D8 /* APIClients */,
				0964C3CF299AF680003639D8 /* ViewModels */,
				0964C3CE299AF676003639D8 /* Views */,
				0964C3CD299AF66C003639D8 /* Models */,
				0964C3CC299AF662003639D8 /* Controllers */,
				0964C3AA299AF51C003639D8 /* Info.plist */,
			);
			path = RickAndMorty;
			sourceTree = "<group>";
		};
		0964C3CC299AF662003639D8 /* Controllers */ = {
			isa = PBXGroup;
			children = (
				0964C3D9299AF790003639D8 /* Core */,
			);
			path = Controllers;
			sourceTree = "<group>";
		};
		0964C3CD299AF66C003639D8 /* Models */ = {
			isa = PBXGroup;
			children = (
				0964C3D3299AF72B003639D8 /* RM_Characters.swift */,
				0964C3D5299AF734003639D8 /* RM_Episodes.swift */,
				0964C3D7299AF743003639D8 /* RM_Location.swift */,
			);
			path = Models;
			sourceTree = "<group>";
		};
		0964C3CE299AF676003639D8 /* Views */ = {
			isa = PBXGroup;
			children = (
			);
			path = Views;
			sourceTree = "<group>";
		};
		0964C3CF299AF680003639D8 /* ViewModels */ = {
			isa = PBXGroup;
			children = (
			);
			path = ViewModels;
			sourceTree = "<group>";
		};
		0964C3D0299AF691003639D8 /* APIClients */ = {
			isa = PBXGroup;
			children = (
				0964C3E3299B1C20003639D8 /* RM_Service.swift */,
				0964C3E5299B1C31003639D8 /* RM_Request.swift */,
				0964C3E7299B1CF6003639D8 /* RM_EndPoint.swift */,
			);
			path = APIClients;
			sourceTree = "<group>";
		};
		0964C3D1299AF6A0003639D8 /* Managers */ = {
			isa = PBXGroup;
			children = (
			);
			path = Managers;
			sourceTree = "<group>";
		};
		0964C3D2299AF6AC003639D8 /* Resources */ = {
			isa = PBXGroup;
			children = (
				0964C3A5299AF51C003639D8 /* Assets.xcassets */,
				0964C3A7299AF51C003639D8 /* LaunchScreen.storyboard */,
				0964C39C299AF51C003639D8 /* AppDelegate.swift */,
				0964C39E299AF51C003639D8 /* SceneDelegate.swift */,
			);
			path = Resources;
			sourceTree = "<group>";
		};
		0964C3D9299AF790003639D8 /* Core */ = {
			isa = PBXGroup;
			children = (
				0964C3A0299AF51C003639D8 /* RM_TabBarController.swift */,
				0964C3DA299AF7D1003639D8 /* RM_CharacterViewController.swift */,
				0964C3DC299AF7DF003639D8 /* RM_LocationViewController.swift */,
				0964C3DE299AF7ED003639D8 /* RM_EpisodesViewController.swift */,
				0964C3E1299AF816003639D8 /* RM_SettingsViewController.swift */,
			);
			path = Core;
			sourceTree = "<group>";
		};
/* End PBXGroup section */

/* Begin PBXNativeTarget section */
		0964C398299AF51C003639D8 /* RickAndMorty */ = {
			isa = PBXNativeTarget;
			buildConfigurationList = 0964C3C3299AF51D003639D8 /* Build configuration list for PBXNativeTarget "RickAndMorty" */;
			buildPhases = (
				0964C395299AF51C003639D8 /* Sources */,
				0964C396299AF51C003639D8 /* Frameworks */,
				0964C397299AF51C003639D8 /* Resources */,
			);
			buildRules = (
			);
			dependencies = (
			);
			name = RickAndMorty;
			productName = RickAndMorty;
			productReference = 0964C399299AF51C003639D8 /* RickAndMorty.app */;
			productType = "com.apple.product-type.application";
		};
		0964C3AE299AF51D003639D8 /* RickAndMortyTests */ = {
			isa = PBXNativeTarget;
			buildConfigurationList = 0964C3C6299AF51D003639D8 /* Build configuration list for PBXNativeTarget "RickAndMortyTests" */;
			buildPhases = (
				0964C3AB299AF51D003639D8 /* Sources */,
				0964C3AC299AF51D003639D8 /* Frameworks */,
				0964C3AD299AF51D003639D8 /* Resources */,
			);
			buildRules = (
			);
			dependencies = (
				0964C3B1299AF51D003639D8 /* PBXTargetDependency */,
			);
			name = RickAndMortyTests;
			productName = RickAndMortyTests;
			productReference = 0964C3AF299AF51D003639D8 /* RickAndMortyTests.xctest */;
			productType = "com.apple.product-type.bundle.unit-test";
		};
		0964C3B8299AF51D003639D8 /* RickAndMortyUITests */ = {
			isa = PBXNativeTarget;
			buildConfigurationList = 0964C3C9299AF51D003639D8 /* Build configuration list for PBXNativeTarget "RickAndMortyUITests" */;
			buildPhases = (
				0964C3B5299AF51D003639D8 /* Sources */,
				0964C3B6299AF51D003639D8 /* Frameworks */,
				0964C3B7299AF51D003639D8 /* Resources */,
			);
			buildRules = (
			);
			dependencies = (
				0964C3BB299AF51D003639D8 /* PBXTargetDependency */,
			);
			name = RickAndMortyUITests;
			productName = RickAndMortyUITests;
			productReference = 0964C3B9299AF51D003639D8 /* RickAndMortyUITests.xctest */;
			productType = "com.apple.product-type.bundle.ui-testing";
		};
/* End PBXNativeTarget section */

/* Begin PBXProject section */
		0964C391299AF51C003639D8 /* Project object */ = {
			isa = PBXProject;
			attributes = {
				BuildIndependentTargetsInParallel = 1;
				LastSwiftUpdateCheck = 1420;
				LastUpgradeCheck = 1420;
				TargetAttributes = {
					0964C398299AF51C003639D8 = {
						CreatedOnToolsVersion = 14.2;
					};
					0964C3AE299AF51D003639D8 = {
						CreatedOnToolsVersion = 14.2;
						TestTargetID = 0964C398299AF51C003639D8;
					};
					0964C3B8299AF51D003639D8 = {
						CreatedOnToolsVersion = 14.2;
						TestTargetID = 0964C398299AF51C003639D8;
					};
				};
			};
			buildConfigurationList = 0964C394299AF51C003639D8 /* Build configuration list for PBXProject "RickAndMorty" */;
			compatibilityVersion = "Xcode 14.0";
			developmentRegion = en;
			hasScannedForEncodings = 0;
			knownRegions = (
				en,
				Base,
			);
			mainGroup = 0964C390299AF51C003639D8;
			productRefGroup = 0964C39A299AF51C003639D8 /* Products */;
			projectDirPath = "";
			projectRoot = "";
			targets = (
				0964C398299AF51C003639D8 /* RickAndMorty */,
				0964C3AE299AF51D003639D8 /* RickAndMortyTests */,
				0964C3B8299AF51D003639D8 /* RickAndMortyUITests */,
			);
		};
/* End PBXProject section */

/* Begin PBXResourcesBuildPhase section */
		0964C397299AF51C003639D8 /* Resources */ = {
			isa = PBXResourcesBuildPhase;
			buildActionMask = 2147483647;
			files = (
				0964C3A9299AF51C003639D8 /* LaunchScreen.storyboard in Resources */,
				0964C3A6299AF51C003639D8 /* Assets.xcassets in Resources */,
			);
			runOnlyForDeploymentPostprocessing = 0;
		};
		0964C3AD299AF51D003639D8 /* Resources */ = {
			isa = PBXResourcesBuildPhase;
			buildActionMask = 2147483647;
			files = (
			);
			runOnlyForDeploymentPostprocessing = 0;
		};
		0964C3B7299AF51D003639D8 /* Resources */ = {
			isa = PBXResourcesBuildPhase;
			buildActionMask = 2147483647;
			files = (
			);
			runOnlyForDeploymentPostprocessing = 0;
		};
/* End PBXResourcesBuildPhase section */

/* Begin PBXSourcesBuildPhase section */
		0964C395299AF51C003639D8 /* Sources */ = {
			isa = PBXSourcesBuildPhase;
			buildActionMask = 2147483647;
			files = (
				0964C3E2299AF816003639D8 /* RM_SettingsViewController.swift in Sources */,
				0964C3DD299AF7DF003639D8 /* RM_LocationViewController.swift in Sources */,
				0964C3D4299AF72B003639D8 /* RM_Characters.swift in Sources */,
				0964C3DF299AF7ED003639D8 /* RM_EpisodesViewController.swift in Sources */,
				0964C3A1299AF51C003639D8 /* RM_TabBarController.swift in Sources */,
				0964C39D299AF51C003639D8 /* AppDelegate.swift in Sources */,
				0964C3DB299AF7D1003639D8 /* RM_CharacterViewController.swift in Sources */,
				0964C3D8299AF743003639D8 /* RM_Location.swift in Sources */,
				0964C3D6299AF734003639D8 /* RM_Episodes.swift in Sources */,
				0964C3E4299B1C20003639D8 /* RM_Service.swift in Sources */,
				0964C3E8299B1CF6003639D8 /* RM_EndPoint.swift in Sources */,
				0964C3E6299B1C31003639D8 /* RM_Request.swift in Sources */,
				0964C39F299AF51C003639D8 /* SceneDelegate.swift in Sources */,
			);
			runOnlyForDeploymentPostprocessing = 0;
		};
		0964C3AB299AF51D003639D8 /* Sources */ = {
			isa = PBXSourcesBuildPhase;
			buildActionMask = 2147483647;
			files = (
			);
			runOnlyForDeploymentPostprocessing = 0;
		};
		0964C3B5299AF51D003639D8 /* Sources */ = {
			isa = PBXSourcesBuildPhase;
			buildActionMask = 2147483647;
			files = (
			);
			runOnlyForDeploymentPostprocessing = 0;
		};
/* End PBXSourcesBuildPhase section */

/* Begin PBXTargetDependency section */
		0964C3B1299AF51D003639D8 /* PBXTargetDependency */ = {
			isa = PBXTargetDependency;
			target = 0964C398299AF51C003639D8 /* RickAndMorty */;
			targetProxy = 0964C3B0299AF51D003639D8 /* PBXContainerItemProxy */;
		};
		0964C3BB299AF51D003639D8 /* PBXTargetDependency */ = {
			isa = PBXTargetDependency;
			target = 0964C398299AF51C003639D8 /* RickAndMorty */;
			targetProxy = 0964C3BA299AF51D003639D8 /* PBXContainerItemProxy */;
		};
/* End PBXTargetDependency section */

/* Begin PBXVariantGroup section */
		0964C3A7299AF51C003639D8 /* LaunchScreen.storyboard */ = {
			isa = PBXVariantGroup;
			children = (
				0964C3A8299AF51C003639D8 /* Base */,
			);
			name = LaunchScreen.storyboard;
			sourceTree = "<group>";
		};
/* End PBXVariantGroup section */

/* Begin XCBuildConfiguration section */
		0964C3C1299AF51D003639D8 /* Debug */ = {
			isa = XCBuildConfiguration;
			buildSettings = {
				ALWAYS_SEARCH_USER_PATHS = NO;
				CLANG_ANALYZER_NONNULL = YES;
				CLANG_ANALYZER_NUMBER_OBJECT_CONVERSION = YES_AGGRESSIVE;
				CLANG_CXX_LANGUAGE_STANDARD = "gnu++20";
				CLANG_ENABLE_MODULES = YES;
				CLANG_ENABLE_OBJC_ARC = YES;
				CLANG_ENABLE_OBJC_WEAK = YES;
				CLANG_WARN_BLOCK_CAPTURE_AUTORELEASING = YES;
				CLANG_WARN_BOOL_CONVERSION = YES;
				CLANG_WARN_COMMA = YES;
				CLANG_WARN_CONSTANT_CONVERSION = YES;
				CLANG_WARN_DEPRECATED_OBJC_IMPLEMENTATIONS = YES;
				CLANG_WARN_DIRECT_OBJC_ISA_USAGE = YES_ERROR;
				CLANG_WARN_DOCUMENTATION_COMMENTS = YES;
				CLANG_WARN_EMPTY_BODY = YES;
				CLANG_WARN_ENUM_CONVERSION = YES;
				CLANG_WARN_INFINITE_RECURSION = YES;
				CLANG_WARN_INT_CONVERSION = YES;
				CLANG_WARN_NON_LITERAL_NULL_CONVERSION = YES;
				CLANG_WARN_OBJC_IMPLICIT_RETAIN_SELF = YES;
				CLANG_WARN_OBJC_LITERAL_CONVERSION = YES;
				CLANG_WARN_OBJC_ROOT_CLASS = YES_ERROR;
				CLANG_WARN_QUOTED_INCLUDE_IN_FRAMEWORK_HEADER = YES;
				CLANG_WARN_RANGE_LOOP_ANALYSIS = YES;
				CLANG_WARN_STRICT_PROTOTYPES = YES;
				CLANG_WARN_SUSPICIOUS_MOVE = YES;
				CLANG_WARN_UNGUARDED_AVAILABILITY = YES_AGGRESSIVE;
				CLANG_WARN_UNREACHABLE_CODE = YES;
				CLANG_WARN__DUPLICATE_METHOD_MATCH = YES;
				COPY_PHASE_STRIP = NO;
				DEBUG_INFORMATION_FORMAT = dwarf;
				ENABLE_STRICT_OBJC_MSGSEND = YES;
				ENABLE_TESTABILITY = YES;
				GCC_C_LANGUAGE_STANDARD = gnu11;
				GCC_DYNAMIC_NO_PIC = NO;
				GCC_NO_COMMON_BLOCKS = YES;
				GCC_OPTIMIZATION_LEVEL = 0;
				GCC_PREPROCESSOR_DEFINITIONS = (
					"DEBUG=1",
					"$(inherited)",
				);
				GCC_WARN_64_TO_32_BIT_CONVERSION = YES;
				GCC_WARN_ABOUT_RETURN_TYPE = YES_ERROR;
				GCC_WARN_UNDECLARED_SELECTOR = YES;
				GCC_WARN_UNINITIALIZED_AUTOS = YES_AGGRESSIVE;
				GCC_WARN_UNUSED_FUNCTION = YES;
				GCC_WARN_UNUSED_VARIABLE = YES;
				IPHONEOS_DEPLOYMENT_TARGET = 16.2;
				MTL_ENABLE_DEBUG_INFO = INCLUDE_SOURCE;
				MTL_FAST_MATH = YES;
				ONLY_ACTIVE_ARCH = YES;
				SDKROOT = iphoneos;
				SWIFT_ACTIVE_COMPILATION_CONDITIONS = DEBUG;
				SWIFT_OPTIMIZATION_LEVEL = "-Onone";
			};
			name = Debug;
		};
		0964C3C2299AF51D003639D8 /* Release */ = {
			isa = XCBuildConfiguration;
			buildSettings = {
				ALWAYS_SEARCH_USER_PATHS = NO;
				CLANG_ANALYZER_NONNULL = YES;
				CLANG_ANALYZER_NUMBER_OBJECT_CONVERSION = YES_AGGRESSIVE;
				CLANG_CXX_LANGUAGE_STANDARD = "gnu++20";
				CLANG_ENABLE_MODULES = YES;
				CLANG_ENABLE_OBJC_ARC = YES;
				CLANG_ENABLE_OBJC_WEAK = YES;
				CLANG_WARN_BLOCK_CAPTURE_AUTORELEASING = YES;
				CLANG_WARN_BOOL_CONVERSION = YES;
				CLANG_WARN_COMMA = YES;
				CLANG_WARN_CONSTANT_CONVERSION = YES;
				CLANG_WARN_DEPRECATED_OBJC_IMPLEMENTATIONS = YES;
				CLANG_WARN_DIRECT_OBJC_ISA_USAGE = YES_ERROR;
				CLANG_WARN_DOCUMENTATION_COMMENTS = YES;
				CLANG_WARN_EMPTY_BODY = YES;
				CLANG_WARN_ENUM_CONVERSION = YES;
				CLANG_WARN_INFINITE_RECURSION = YES;
				CLANG_WARN_INT_CONVERSION = YES;
				CLANG_WARN_NON_LITERAL_NULL_CONVERSION = YES;
				CLANG_WARN_OBJC_IMPLICIT_RETAIN_SELF = YES;
				CLANG_WARN_OBJC_LITERAL_CONVERSION = YES;
				CLANG_WARN_OBJC_ROOT_CLASS = YES_ERROR;
				CLANG_WARN_QUOTED_INCLUDE_IN_FRAMEWORK_HEADER = YES;
				CLANG_WARN_RANGE_LOOP_ANALYSIS = YES;
				CLANG_WARN_STRICT_PROTOTYPES = YES;
				CLANG_WARN_SUSPICIOUS_MOVE = YES;
				CLANG_WARN_UNGUARDED_AVAILABILITY = YES_AGGRESSIVE;
				CLANG_WARN_UNREACHABLE_CODE = YES;
				CLANG_WARN__DUPLICATE_METHOD_MATCH = YES;
				COPY_PHASE_STRIP = NO;
				DEBUG_INFORMATION_FORMAT = "dwarf-with-dsym";
				ENABLE_NS_ASSERTIONS = NO;
				ENABLE_STRICT_OBJC_MSGSEND = YES;
				GCC_C_LANGUAGE_STANDARD = gnu11;
				GCC_NO_COMMON_BLOCKS = YES;
				GCC_WARN_64_TO_32_BIT_CONVERSION = YES;
				GCC_WARN_ABOUT_RETURN_TYPE = YES_ERROR;
				GCC_WARN_UNDECLARED_SELECTOR = YES;
				GCC_WARN_UNINITIALIZED_AUTOS = YES_AGGRESSIVE;
				GCC_WARN_UNUSED_FUNCTION = YES;
				GCC_WARN_UNUSED_VARIABLE = YES;
				IPHONEOS_DEPLOYMENT_TARGET = 16.2;
				MTL_ENABLE_DEBUG_INFO = NO;
				MTL_FAST_MATH = YES;
				SDKROOT = iphoneos;
				SWIFT_COMPILATION_MODE = wholemodule;
				SWIFT_OPTIMIZATION_LEVEL = "-O";
				VALIDATE_PRODUCT = YES;
			};
			name = Release;
		};
		0964C3C4299AF51D003639D8 /* Debug */ = {
			isa = XCBuildConfiguration;
			buildSettings = {
				ASSETCATALOG_COMPILER_APPICON_NAME = AppIcon;
				ASSETCATALOG_COMPILER_GLOBAL_ACCENT_COLOR_NAME = AccentColor;
				CODE_SIGN_STYLE = Automatic;
				CURRENT_PROJECT_VERSION = 1;
				DEVELOPMENT_TEAM = 8GX99C5LX7;
				GENERATE_INFOPLIST_FILE = YES;
				INFOPLIST_FILE = RickAndMorty/Info.plist;
				INFOPLIST_KEY_UIApplicationSupportsIndirectInputEvents = YES;
				INFOPLIST_KEY_UILaunchStoryboardName = LaunchScreen;
				INFOPLIST_KEY_UISupportedInterfaceOrientations_iPad = "UIInterfaceOrientationPortrait UIInterfaceOrientationPortraitUpsideDown UIInterfaceOrientationLandscapeLeft UIInterfaceOrientationLandscapeRight";
				INFOPLIST_KEY_UISupportedInterfaceOrientations_iPhone = "UIInterfaceOrientationPortrait UIInterfaceOrientationLandscapeLeft UIInterfaceOrientationLandscapeRight";
				LD_RUNPATH_SEARCH_PATHS = (
					"$(inherited)",
					"@executable_path/Frameworks",
				);
				MARKETING_VERSION = 1.0;
				PRODUCT_BUNDLE_IDENTIFIER = KK.RickAndMorty;
				PRODUCT_NAME = "$(TARGET_NAME)";
				SWIFT_EMIT_LOC_STRINGS = YES;
				SWIFT_VERSION = 5.0;
				TARGETED_DEVICE_FAMILY = "1,2";
			};
			name = Debug;
		};
		0964C3C5299AF51D003639D8 /* Release */ = {
			isa = XCBuildConfiguration;
			buildSettings = {
				ASSETCATALOG_COMPILER_APPICON_NAME = AppIcon;
				ASSETCATALOG_COMPILER_GLOBAL_ACCENT_COLOR_NAME = AccentColor;
				CODE_SIGN_STYLE = Automatic;
				CURRENT_PROJECT_VERSION = 1;
				DEVELOPMENT_TEAM = 8GX99C5LX7;
				GENERATE_INFOPLIST_FILE = YES;
				INFOPLIST_FILE = RickAndMorty/Info.plist;
				INFOPLIST_KEY_UIApplicationSupportsIndirectInputEvents = YES;
				INFOPLIST_KEY_UILaunchStoryboardName = LaunchScreen;
				INFOPLIST_KEY_UISupportedInterfaceOrientations_iPad = "UIInterfaceOrientationPortrait UIInterfaceOrientationPortraitUpsideDown UIInterfaceOrientationLandscapeLeft UIInterfaceOrientationLandscapeRight";
				INFOPLIST_KEY_UISupportedInterfaceOrientations_iPhone = "UIInterfaceOrientationPortrait UIInterfaceOrientationLandscapeLeft UIInterfaceOrientationLandscapeRight";
				LD_RUNPATH_SEARCH_PATHS = (
					"$(inherited)",
					"@executable_path/Frameworks",
				);
				MARKETING_VERSION = 1.0;
				PRODUCT_BUNDLE_IDENTIFIER = KK.RickAndMorty;
				PRODUCT_NAME = "$(TARGET_NAME)";
				SWIFT_EMIT_LOC_STRINGS = YES;
				SWIFT_VERSION = 5.0;
				TARGETED_DEVICE_FAMILY = "1,2";
			};
			name = Release;
		};
		0964C3C7299AF51D003639D8 /* Debug */ = {
			isa = XCBuildConfiguration;
			buildSettings = {
				ALWAYS_EMBED_SWIFT_STANDARD_LIBRARIES = YES;
				BUNDLE_LOADER = "$(TEST_HOST)";
				CODE_SIGN_STYLE = Automatic;
				CURRENT_PROJECT_VERSION = 1;
				DEVELOPMENT_TEAM = 8GX99C5LX7;
				GENERATE_INFOPLIST_FILE = YES;
				IPHONEOS_DEPLOYMENT_TARGET = 16.2;
				MARKETING_VERSION = 1.0;
				PRODUCT_BUNDLE_IDENTIFIER = KK.RickAndMortyTests;
				PRODUCT_NAME = "$(TARGET_NAME)";
				SWIFT_EMIT_LOC_STRINGS = NO;
				SWIFT_VERSION = 5.0;
				TARGETED_DEVICE_FAMILY = "1,2";
				TEST_HOST = "$(BUILT_PRODUCTS_DIR)/RickAndMorty.app/$(BUNDLE_EXECUTABLE_FOLDER_PATH)/RickAndMorty";
			};
			name = Debug;
		};
		0964C3C8299AF51D003639D8 /* Release */ = {
			isa = XCBuildConfiguration;
			buildSettings = {
				ALWAYS_EMBED_SWIFT_STANDARD_LIBRARIES = YES;
				BUNDLE_LOADER = "$(TEST_HOST)";
				CODE_SIGN_STYLE = Automatic;
				CURRENT_PROJECT_VERSION = 1;
				DEVELOPMENT_TEAM = 8GX99C5LX7;
				GENERATE_INFOPLIST_FILE = YES;
				IPHONEOS_DEPLOYMENT_TARGET = 16.2;
				MARKETING_VERSION = 1.0;
				PRODUCT_BUNDLE_IDENTIFIER = KK.RickAndMortyTests;
				PRODUCT_NAME = "$(TARGET_NAME)";
				SWIFT_EMIT_LOC_STRINGS = NO;
				SWIFT_VERSION = 5.0;
				TARGETED_DEVICE_FAMILY = "1,2";
				TEST_HOST = "$(BUILT_PRODUCTS_DIR)/RickAndMorty.app/$(BUNDLE_EXECUTABLE_FOLDER_PATH)/RickAndMorty";
			};
			name = Release;
		};
		0964C3CA299AF51D003639D8 /* Debug */ = {
			isa = XCBuildConfiguration;
			buildSettings = {
				ALWAYS_EMBED_SWIFT_STANDARD_LIBRARIES = YES;
				CODE_SIGN_STYLE = Automatic;
				CURRENT_PROJECT_VERSION = 1;
				DEVELOPMENT_TEAM = 8GX99C5LX7;
				GENERATE_INFOPLIST_FILE = YES;
				MARKETING_VERSION = 1.0;
				PRODUCT_BUNDLE_IDENTIFIER = KK.RickAndMortyUITests;
				PRODUCT_NAME = "$(TARGET_NAME)";
				SWIFT_EMIT_LOC_STRINGS = NO;
				SWIFT_VERSION = 5.0;
				TARGETED_DEVICE_FAMILY = "1,2";
				TEST_TARGET_NAME = RickAndMorty;
			};
			name = Debug;
		};
		0964C3CB299AF51D003639D8 /* Release */ = {
			isa = XCBuildConfiguration;
			buildSettings = {
				ALWAYS_EMBED_SWIFT_STANDARD_LIBRARIES = YES;
				CODE_SIGN_STYLE = Automatic;
				CURRENT_PROJECT_VERSION = 1;
				DEVELOPMENT_TEAM = 8GX99C5LX7;
				GENERATE_INFOPLIST_FILE = YES;
				MARKETING_VERSION = 1.0;
				PRODUCT_BUNDLE_IDENTIFIER = KK.RickAndMortyUITests;
				PRODUCT_NAME = "$(TARGET_NAME)";
				SWIFT_EMIT_LOC_STRINGS = NO;
				SWIFT_VERSION = 5.0;
				TARGETED_DEVICE_FAMILY = "1,2";
				TEST_TARGET_NAME = RickAndMorty;
			};
			name = Release;
		};
/* End XCBuildConfiguration section */

/* Begin XCConfigurationList section */
		0964C394299AF51C003639D8 /* Build configuration list for PBXProject "RickAndMorty" */ = {
			isa = XCConfigurationList;
			buildConfigurations = (
				0964C3C1299AF51D003639D8 /* Debug */,
				0964C3C2299AF51D003639D8 /* Release */,
			);
			defaultConfigurationIsVisible = 0;
			defaultConfigurationName = Release;
		};
		0964C3C3299AF51D003639D8 /* Build configuration list for PBXNativeTarget "RickAndMorty" */ = {
			isa = XCConfigurationList;
			buildConfigurations = (
				0964C3C4299AF51D003639D8 /* Debug */,
				0964C3C5299AF51D003639D8 /* Release */,
			);
			defaultConfigurationIsVisible = 0;
			defaultConfigurationName = Release;
		};
		0964C3C6299AF51D003639D8 /* Build configuration list for PBXNativeTarget "RickAndMortyTests" */ = {
			isa = XCConfigurationList;
			buildConfigurations = (
				0964C3C7299AF51D003639D8 /* Debug */,
				0964C3C8299AF51D003639D8 /* Release */,
			);
			defaultConfigurationIsVisible = 0;
			defaultConfigurationName = Release;
		};
		0964C3C9299AF51D003639D8 /* Build configuration list for PBXNativeTarget "RickAndMortyUITests" */ = {
			isa = XCConfigurationList;
			buildConfigurations = (
				0964C3CA299AF51D003639D8 /* Debug */,
				0964C3CB299AF51D003639D8 /* Release */,
			);
			defaultConfigurationIsVisible = 0;
			defaultConfigurationName = Release;
		};
/* End XCConfigurationList section */
	};
	rootObject = 0964C391299AF51C003639D8 /* Project object */;
}
